{
  "nodes": {
    "agenix": {
      "inputs": {
        "darwin": "darwin",
        "home-manager": [
          "home-manager"
        ],
        "nixpkgs": [
          "nixpkgs"
        ],
        "systems": "systems"
      },
      "locked": {
        "lastModified": 1745630506,
        "narHash": "sha256-bHCFgGeu8XjWlVuaWzi3QONjDW3coZDqSHvnd4l7xus=",
        "owner": "ryantm",
        "repo": "agenix",
        "rev": "96e078c646b711aee04b82ba01aefbff87004ded",
        "type": "github"
      },
      "original": {
        "owner": "ryantm",
        "repo": "agenix",
        "type": "github"
      }
    },
    "crane": {
      "locked": {
        "lastModified": 1727974419,
        "narHash": "sha256-WD0//20h+2/yPGkO88d2nYbb23WMWYvnRyDQ9Dx4UHg=",
        "owner": "ipetkov",
        "repo": "crane",
        "rev": "37e4f9f0976cb9281cd3f0c70081e5e0ecaee93f",
        "type": "github"
      },
      "original": {
        "owner": "ipetkov",
        "repo": "crane",
        "type": "github"
      }
    },
    "crane_2": {
      "locked": {
        "lastModified": 1742394900,
        "narHash": "sha256-vVOAp9ahvnU+fQoKd4SEXB2JG2wbENkpqcwlkIXgUC0=",
        "owner": "ipetkov",
        "repo": "crane",
        "rev": "70947c1908108c0c551ddfd73d4f750ff2ea67cd",
        "type": "github"
      },
      "original": {
        "owner": "ipetkov",
        "repo": "crane",
        "type": "github"
      }
    },
    "crane_3": {
      "locked": {
        "lastModified": 1743700120,
        "narHash": "sha256-8BjG/P0xnuCyVOXlYRwdI1B8nVtyYLf3oDwPSimqREY=",
        "owner": "ipetkov",
        "repo": "crane",
        "rev": "e316f19ee058e6db50075115783be57ac549c389",
        "type": "github"
      },
      "original": {
        "owner": "ipetkov",
        "repo": "crane",
        "type": "github"
      }
    },
    "darwin": {
      "inputs": {
        "nixpkgs": [
          "agenix",
          "nixpkgs"
        ]
      },
      "locked": {
        "lastModified": 1744478979,
        "narHash": "sha256-dyN+teG9G82G+m+PX/aSAagkC+vUv0SgUw3XkPhQodQ=",
        "owner": "lnl7",
        "repo": "nix-darwin",
        "rev": "43975d782b418ebf4969e9ccba82466728c2851b",
        "type": "github"
      },
      "original": {
        "owner": "lnl7",
        "ref": "master",
        "repo": "nix-darwin",
        "type": "github"
      }
    },
    "flake-utils": {
      "inputs": {
        "systems": "systems_2"
      },
      "locked": {
        "lastModified": 1726560853,
        "narHash": "sha256-X6rJYSESBVr3hBoH0WbKE5KvhPU5bloyZ2L4K60/fPQ=",
        "owner": "numtide",
        "repo": "flake-utils",
        "rev": "c1dfcf08411b08f6b8615f7d8971a2bfa81d5e8a",
        "type": "github"
      },
      "original": {
        "owner": "numtide",
        "repo": "flake-utils",
        "type": "github"
      }
    },
    "flake-utils_2": {
      "inputs": {
        "systems": "systems_3"
      },
      "locked": {
        "lastModified": 1731533236,
        "narHash": "sha256-l0KFg5HjrsfsO/JpG+r7fRrqm12kzFHyUHqHCVpMMbI=",
        "owner": "numtide",
        "repo": "flake-utils",
        "rev": "11707dc2f618dd54ca8739b309ec4fc024de578b",
        "type": "github"
      },
      "original": {
        "owner": "numtide",
        "repo": "flake-utils",
        "type": "github"
      }
    },
    "flake-utils_3": {
      "inputs": {
        "systems": "systems_4"
      },
      "locked": {
        "lastModified": 1731533236,
        "narHash": "sha256-l0KFg5HjrsfsO/JpG+r7fRrqm12kzFHyUHqHCVpMMbI=",
        "owner": "numtide",
        "repo": "flake-utils",
        "rev": "11707dc2f618dd54ca8739b309ec4fc024de578b",
        "type": "github"
      },
      "original": {
        "owner": "numtide",
        "repo": "flake-utils",
        "type": "github"
      }
    },
    "hardware": {
      "locked": {
        "lastModified": 1746341346,
        "narHash": "sha256-WjupK5Xpc+viJlJWiyPHp/dF4aJItp1BPuFsEdv2/fI=",
        "owner": "nixos",
        "repo": "nixos-hardware",
        "rev": "0833dc8bbc4ffa9cf9b0cbfccf1c5ec8632fc66e",
        "type": "github"
      },
      "original": {
        "owner": "nixos",
        "repo": "nixos-hardware",
        "type": "github"
      }
    },
    "helix": {
      "inputs": {
        "crane": "crane",
        "flake-utils": "flake-utils",
        "nixpkgs": [
          "nixpkgs"
        ],
        "rust-overlay": "rust-overlay"
      },
      "locked": {
        "lastModified": 1735933851,
        "narHash": "sha256-xN5pImisRyD4cnkUkc9uJeyeeex2dyZWeJugjoLjqyI=",
        "owner": "helix-editor",
        "repo": "helix",
        "rev": "dabfb6ceeae1da57fb93efcd254e917db49655e6",
        "type": "github"
      },
      "original": {
        "owner": "helix-editor",
        "ref": "25.01",
        "repo": "helix",
        "type": "github"
      }
    },
    "home-manager": {
      "inputs": {
        "nixpkgs": [
          "nixpkgs"
        ]
      },
      "locked": {
        "lastModified": 1746171682,
        "narHash": "sha256-EyXUNSa+H+YvGVuQJP1nZskXAowxKYp79RNUsNdQTj4=",
        "owner": "nix-community",
        "repo": "home-manager",
        "rev": "50eee705bbdbac942074a8c120e8194185633675",
        "type": "github"
      },
      "original": {
        "owner": "nix-community",
        "ref": "release-24.11",
        "repo": "home-manager",
        "type": "github"
      }
    },
    "nh": {
      "inputs": {
        "nixpkgs": [
          "nixpkgs"
        ]
      },
      "locked": {
        "lastModified": 1746386204,
        "narHash": "sha256-8qWSETNtuquaJqXmjP0UTNajN1zgufY6gZruQJEmNU8=",
        "owner": "nix-community",
        "repo": "nh",
        "rev": "c796b460f7c16489a6a1a44fd68b1df777ba6d45",
        "type": "github"
      },
      "original": {
        "owner": "nix-community",
        "ref": "master",
        "repo": "nh",
        "type": "github"
      }
    },
    "nix-darwin": {
      "inputs": {
        "nixpkgs": [
          "nixpkgs"
        ]
      },
      "locked": {
        "lastModified": 1743127615,
        "narHash": "sha256-+sMGqywrSr50BGMLMeY789mSrzjkoxZiu61eWjYS/8o=",
        "owner": "LnL7",
        "repo": "nix-darwin",
        "rev": "fc843893cecc1838a59713ee3e50e9e7edc6207c",
        "type": "github"
      },
      "original": {
        "owner": "LnL7",
        "ref": "nix-darwin-24.11",
        "repo": "nix-darwin",
        "type": "github"
      }
    },
    "nixpkgs": {
      "locked": {
        "lastModified": 1746301764,
        "narHash": "sha256-5odz+NZszRya//Zd0P8h+sIwOnV35qJi+73f4I+iv1M=",
        "owner": "nixos",
        "repo": "nixpkgs",
        "rev": "537ee98218704e21ea465251de512ab6bbb9012e",
        "type": "github"
      },
      "original": {
        "owner": "nixos",
        "ref": "nixos-24.11",
        "repo": "nixpkgs",
        "type": "github"
      }
    },
    "nixpkgs_2": {
      "locked": {
        "lastModified": 1743689281,
        "narHash": "sha256-y7Hg5lwWhEOgflEHRfzSH96BOt26LaYfrYWzZ+VoVdg=",
        "owner": "NixOS",
        "repo": "nixpkgs",
        "rev": "2bfc080955153be0be56724be6fa5477b4eefabb",
        "type": "github"
      },
      "original": {
        "owner": "NixOS",
        "ref": "nixpkgs-unstable",
        "repo": "nixpkgs",
        "type": "github"
      }
    },
    "root": {
      "inputs": {
        "agenix": "agenix",
        "hardware": "hardware",
        "helix": "helix",
        "home-manager": "home-manager",
        "nh": "nh",
        "nix-darwin": "nix-darwin",
        "nixpkgs": "nixpkgs",
        "rust-devshell": "rust-devshell",
        "unstable": "unstable",
        "zj-quit": "zj-quit",
        "zjstatus": "zjstatus"
      }
    },
    "rust-devshell": {
      "inputs": {
        "nixpkgs": [
          "nixpkgs"
        ],
        "rust-overlay": "rust-overlay_2"
      },
      "locked": {
        "lastModified": 1,
        "narHash": "sha256-5F+Oz8OIE3h87zzdqYMhleeq8XVbkjCjTHuDDu9kHfE=",
        "path": "./devshells/rust",
        "type": "path"
      },
      "original": {
        "path": "./devshells/rust",
        "type": "path"
      }
    },
    "rust-overlay": {
      "inputs": {
        "nixpkgs": [
          "helix",
          "nixpkgs"
        ]
      },
      "locked": {
        "lastModified": 1728268235,
        "narHash": "sha256-lJMFnMO4maJuNO6PQ5fZesrTmglze3UFTTBuKGwR1Nw=",
        "owner": "oxalica",
        "repo": "rust-overlay",
        "rev": "25685cc2c7054efc31351c172ae77b21814f2d42",
        "type": "github"
      },
      "original": {
        "owner": "oxalica",
        "repo": "rust-overlay",
        "type": "github"
      }
    },
    "rust-overlay_2": {
      "inputs": {
        "nixpkgs": [
          "rust-devshell",
          "nixpkgs"
        ]
      },
      "locked": {
        "lastModified": 1742783666,
        "narHash": "sha256-IwdSl51NL6V0f+mYXZR0UTKaGleOsk9zV3l6kt5SUWw=",
        "owner": "oxalica",
        "repo": "rust-overlay",
        "rev": "60766d63c227d576510ecfb5edd3a687d56f6bc7",
        "type": "github"
      },
      "original": {
        "owner": "oxalica",
        "repo": "rust-overlay",
        "type": "github"
      }
    },
    "rust-overlay_3": {
      "inputs": {
        "nixpkgs": [
          "zj-quit",
          "nixpkgs"
        ]
      },
      "locked": {
        "lastModified": 1742870002,
        "narHash": "sha256-eQnw8ufyLmrboODU8RKVNh2Mv7SACzdoFrRUV5zdNNE=",
        "owner": "oxalica",
        "repo": "rust-overlay",
        "rev": "b4c18f262dbebecb855136c1ed8047b99a9c75b6",
        "type": "github"
      },
      "original": {
        "owner": "oxalica",
        "repo": "rust-overlay",
        "type": "github"
      }
    },
    "rust-overlay_4": {
      "inputs": {
        "nixpkgs": [
          "zjstatus",
          "nixpkgs"
        ]
      },
      "locked": {
        "lastModified": 1743682350,
        "narHash": "sha256-S/MyKOFajCiBm5H5laoE59wB6w0NJ4wJG53iAPfYW3k=",
        "owner": "oxalica",
        "repo": "rust-overlay",
        "rev": "c4a8327b0f25d1d81edecbb6105f74d7cf9d7382",
        "type": "github"
      },
      "original": {
        "owner": "oxalica",
        "repo": "rust-overlay",
        "type": "github"
      }
    },
    "src": {
      "flake": false,
      "locked": {
        "lastModified": 1731732030,
        "narHash": "sha256-APimuHdhfxIBGIzCkT42+wSQCDv5Do5OKtmr997Usfs=",
        "owner": "cristiand391",
        "repo": "zj-quit",
        "rev": "b32da80240c07a091fd5c0be79c6fc979afbbb62",
        "type": "github"
      },
      "original": {
        "owner": "cristiand391",
        "repo": "zj-quit",
        "type": "github"
      }
    },
    "systems": {
      "locked": {
        "lastModified": 1681028828,
        "narHash": "sha256-Vy1rq5AaRuLzOxct8nz4T6wlgyUR7zLU309k9mBC768=",
        "owner": "nix-systems",
        "repo": "default",
        "rev": "da67096a3b9bf56a91d16901293e51ba5b49a27e",
        "type": "github"
      },
      "original": {
        "owner": "nix-systems",
        "repo": "default",
        "type": "github"
      }
    },
    "systems_2": {
      "locked": {
        "lastModified": 1681028828,
        "narHash": "sha256-Vy1rq5AaRuLzOxct8nz4T6wlgyUR7zLU309k9mBC768=",
        "owner": "nix-systems",
        "repo": "default",
        "rev": "da67096a3b9bf56a91d16901293e51ba5b49a27e",
        "type": "github"
      },
      "original": {
        "owner": "nix-systems",
        "repo": "default",
        "type": "github"
      }
    },
    "systems_3": {
      "locked": {
        "lastModified": 1681028828,
        "narHash": "sha256-Vy1rq5AaRuLzOxct8nz4T6wlgyUR7zLU309k9mBC768=",
        "owner": "nix-systems",
        "repo": "default",
        "rev": "da67096a3b9bf56a91d16901293e51ba5b49a27e",
        "type": "github"
      },
      "original": {
        "owner": "nix-systems",
        "repo": "default",
        "type": "github"
      }
    },
    "systems_4": {
      "locked": {
        "lastModified": 1681028828,
        "narHash": "sha256-Vy1rq5AaRuLzOxct8nz4T6wlgyUR7zLU309k9mBC768=",
        "owner": "nix-systems",
        "repo": "default",
        "rev": "da67096a3b9bf56a91d16901293e51ba5b49a27e",
        "type": "github"
      },
      "original": {
        "owner": "nix-systems",
        "repo": "default",
        "type": "github"
      }
    },
    "unstable": {
      "locked": {
        "lastModified": 1746328495,
        "narHash": "sha256-uKCfuDs7ZM3QpCE/jnfubTg459CnKnJG/LwqEVEdEiw=",
        "owner": "nixos",
        "repo": "nixpkgs",
        "rev": "979daf34c8cacebcd917d540070b52a3c2b9b16e",
        "type": "github"
      },
      "original": {
        "owner": "nixos",
        "ref": "nixos-unstable",
        "repo": "nixpkgs",
        "type": "github"
      }
    },
    "zj-quit": {
      "inputs": {
        "crane": "crane_2",
        "flake-utils": "flake-utils_2",
        "nixpkgs": [
          "nixpkgs"
        ],
        "rust-overlay": "rust-overlay_3",
        "src": "src"
      },
      "locked": {
        "lastModified": 1,
        "narHash": "sha256-1H08kNeuRiCeTmd2+d+JzI1bHGltrVNeAh3vqCS5Cdk=",
        "path": "./flakes/zj-quit",
        "type": "path"
      },
      "original": {
        "path": "./flakes/zj-quit",
        "type": "path"
      }
    },
    "zjstatus": {
      "inputs": {
        "crane": "crane_3",
        "flake-utils": "flake-utils_3",
        "nixpkgs": "nixpkgs_2",
        "rust-overlay": "rust-overlay_4"
      },
      "locked": {
        "lastModified": 1745230073,
        "narHash": "sha256-OER99U7MiqQ47myvbsiljsax7OsK19NMds4NBM9XXLs=",
        "owner": "dj95",
        "repo": "zjstatus",
        "rev": "a819e3bfe6bfef0438d811cdbb1bcfdc29912c62",
        "type": "github"
      },
      "original": {
        "owner": "dj95",
        "repo": "zjstatus",
        "type": "github"
      }
    }
  },
  "root": "root",
  "version": 7
}
